
Microsoft Visual Studio Solution File, Format Version 12.00
# Visual Studio Version 17
VisualStudioVersion = 17.14.36511.14 d17.14
MinimumVisualStudioVersion = 10.0.40219.1
Project("{FAE04EC0-301F-11D3-BF4B-00C04F79EFBC}") = "Testbed", "Testbed.csproj", "{D68BC53E-B7F6-4B69-8BFF-B655122B2BDE}"
EndProject
Project("{FAE04EC0-301F-11D3-BF4B-00C04F79EFBC}") = "SadRazorEngine", "..\SadRazorEngine\SadRazorEngine.csproj", "{5AA0B936-B9D6-48C5-8F41-0C2E3A0AD830}"
EndProject
Global
	GlobalSection(SolutionConfigurationPlatforms) = preSolution
		Debug|Any CPU = Debug|Any CPU
		Release|Any CPU = Release|Any CPU
	EndGlobalSection
	GlobalSection(ProjectConfigurationPlatforms) = postSolution
		{D68BC53E-B7F6-4B69-8BFF-B655122B2BDE}.Debug|Any CPU.ActiveCfg = Debug|Any CPU
		{D68BC53E-B7F6-4B69-8BFF-B655122B2BDE}.Debug|Any CPU.Build.0 = Debug|Any CPU
		{D68BC53E-B7F6-4B69-8BFF-B655122B2BDE}.Release|Any CPU.ActiveCfg = Release|Any CPU
		{D68BC53E-B7F6-4B69-8BFF-B655122B2BDE}.Release|Any CPU.Build.0 = Release|Any CPU
		{5AA0B936-B9D6-48C5-8F41-0C2E3A0AD830}.Debug|Any CPU.ActiveCfg = Debug|Any CPU
		{5AA0B936-B9D6-48C5-8F41-0C2E3A0AD830}.Debug|Any CPU.Build.0 = Debug|Any CPU
		{5AA0B936-B9D6-48C5-8F41-0C2E3A0AD830}.Release|Any CPU.ActiveCfg = Release|Any CPU
		{5AA0B936-B9D6-48C5-8F41-0C2E3A0AD830}.Release|Any CPU.Build.0 = Release|Any CPU
	EndGlobalSection
	GlobalSection(SolutionProperties) = preSolution
		HideSolutionNode = FALSE
	EndGlobalSection
	GlobalSection(ExtensibilityGlobals) = postSolution
		SolutionGuid = {512A653B-5068-49AF-B5F2-D80CE06A896C}
	EndGlobalSection
EndGlobal
